github.com/bits-and-blooms/bitset v1.3.1 h1:y+qrlmq3XsWi+xZqSaueaE8ry8Y127iMxlMfqcK8p0g=
github.com/bits-and-blooms/bitset v1.3.1/go.mod h1:gIdJ4wp64HaoK2YrL1Q5/N7Y16edYb8uY+O0FJTyyDA=
github.com/bits-and-blooms/bloom/v3 v3.3.1 h1:K2+A19bXT8gJR5mU7y+1yW6hsKfNCjcP2uNfLFKncjQ=
github.com/bits-and-blooms/bloom/v3 v3.3.1/go.mod h1:bhUUknWd5khVbTe4UgMCSiOOVJzr3tMoijSK3WwvW90=
github.com/bsm/ginkgo/v2 v2.7.0 h1:ItPMPH90RbmZJt5GtkcNvIRuGEdwlBItdNVoyzaNQao=
github.com/bsm/gomega v1.26.0 h1:LhQm+AFcgV2M0WyKroMASzAzCAJVpAxQXv4SaI9a69Y=
github.com/cespare/xxhash/v2 v2.2.0 h1:DC2CZ1Ep5Y4k3ZQ899DldepgrayRUGE6BBZ/cd9Cj44=
github.com/cespare/xxhash/v2 v2.2.0/go.mod h1:VGX0DQ3Q6kWi7AoAeZDth3/j3BFtOZR5XLFGgcrjCOs=
github.com/davecgh/go-spew v1.1.1 h1:vj9j/u1bqnvCEfJOwUhtlOARqs3+rkHYY13jYWTU97c=
github.com/davecgh/go-spew v1.1.1/go.mod h1:J7Y8YcW2NihsgmVo/mv3lAwl/skON4iLHjSsI+c5H38=
github.com/dgryski/go-rendezvous v0.0.0-20200823014737-9f7001d12a5f h1:lO4WD4F/rVNCu3HqELle0jiPLLBs70cWOduZpkS1E78=
github.com/dgryski/go-rendezvous v0.0.0-20200823014737-9f7001d12a5f/go.mod h1:cuUVRXasLTGF7a8hSLbxyZXjz+1KgoB3wDUb6vlszIc=
github.com/pmezard/go-difflib v1.0.0 h1:4DBwDE0NGyQoBHbLQYPwSUPoCMWR5BEzIk/f1lZbAQM=
github.com/pmezard/go-difflib v1.0.0/go.mod h1:iKH77koFhYxTK1pcRnkKkqfTogsbg7gZNVY4sRDYZ/4=
github.com/redis/go-redis/v9 v9.0.4 h1:FC82T+CHJ/Q/PdyLW++GeCO+Ol59Y4T7R4jbgjvktgc=
github.com/redis/go-redis/v9 v9.0.4/go.mod h1:WqMKv5vnQbRuZstUwxQI195wHy+t4PuXDOjzMvcuQHk=
github.com/splitio/go-split-commons/v6 v6.0.3-0.20241212182204-626e0eae79d0 h1:8udmFWKfa/vPyMSLqupxwHkXv1DxJum77XXY0AeNQZE=
github.com/splitio/go-split-commons/v6 v6.0.3-0.20241212182204-626e0eae79d0/go.mod h1:D/XIY/9Hmfk9ivWsRsJVp439kEdmHbzUi3PKzQQDOXY=
github.com/splitio/go-split-commons/v6 v6.0.3-0.20241230154236-0290e3993f69 h1:6jmMkAAP0mHWFSju2b5UBr/IwwC5JD2yCLO2WbcK0nc=
github.com/splitio/go-split-commons/v6 v6.0.3-0.20241230154236-0290e3993f69/go.mod h1:D/XIY/9Hmfk9ivWsRsJVp439kEdmHbzUi3PKzQQDOXY=
github.com/splitio/go-split-commons/v6 v6.0.3-0.20250106193440-582d4aff769a h1:iK/6x7yQAbOrj3rbgXoUiBlBal2+zBPPT7c3iPRxLI0=
github.com/splitio/go-split-commons/v6 v6.0.3-0.20250106193440-582d4aff769a/go.mod h1:D/XIY/9Hmfk9ivWsRsJVp439kEdmHbzUi3PKzQQDOXY=
github.com/splitio/go-split-commons/v6 v6.0.3-0.20250106193848-789eab2683d9 h1:UvtXnoIddjx8KOgJ0GqAz/FL4UtkfNyfElM4rz04GgM=
github.com/splitio/go-split-commons/v6 v6.0.3-0.20250106193848-789eab2683d9/go.mod h1:D/XIY/9Hmfk9ivWsRsJVp439kEdmHbzUi3PKzQQDOXY=
github.com/splitio/go-toolkit/v5 v5.4.0 h1:g5WFpRhQomnXCmvfsNOWV4s5AuUrWIZ+amM68G8NBKM=
github.com/splitio/go-toolkit/v5 v5.4.0/go.mod h1:xYhUvV1gga9/1029Wbp5pjnR6Cy8nvBpjw99wAbsMko=
github.com/stretchr/objx v0.5.2 h1:xuMeJ0Sdp5ZMRXx/aWO6RZxdr3beISkG5/G/aIRr3pY=
github.com/stretchr/objx v0.5.2/go.mod h1:FRsXN1f5AsAjCGJKqEizvkpNtU+EGNCLh3NxZ/8L+MA=
github.com/stretchr/testify v1.9.0 h1:HtqpIVDClZ4nwg75+f6Lvsy/wHu+3BoSGCbBAcpTsTg=
github.com/stretchr/testify v1.9.0/go.mod h1:r2ic/lqez/lEtzL7wO/rwa5dbSLXVDPFyf8C91i36aY=
github.com/twmb/murmur3 v1.1.6 h1:mqrRot1BRxm+Yct+vavLMou2/iJt0tNVTTC0QoIjaZg=
github.com/twmb/murmur3 v1.1.6/go.mod h1:Qq/R7NUyOfr65zD+6Q5IHKsJLwP7exErjN6lyyq3OSQ=
golang.org/x/exp v0.0.0-20231006140011-7918f672742d h1:jtJma62tbqLibJ5sFQz8bKtEM8rJBtfilJ2qTU199MI=
golang.org/x/exp v0.0.0-20231006140011-7918f672742d/go.mod h1:ldy0pHrwJyGW56pPQzzkH36rKxoZW1tw7ZJpeKx+hdo=
golang.org/x/sync v0.3.0 h1:ftCYgMx6zT/asHUrPw8BLLscYtGznsLAnjq5RH9P66E=
golang.org/x/sync v0.3.0/go.mod h1:FU7BRWz2tNW+3quACPkgCx/L+uEAv1htQ0V83Z9Rj+Y=
gopkg.in/check.v1 v0.0.0-20161208181325-20d25e280405 h1:yhCVgyC4o1eVCa2tZl7eS0r+SDo693bJlVdllGtEeKM=
gopkg.in/check.v1 v0.0.0-20161208181325-20d25e280405/go.mod h1:Co6ibVJAznAaIkqp8huTwlJQCZ016jof/cbN4VW5Yz0=
gopkg.in/yaml.v3 v3.0.1 h1:fxVm/GzAzEWqLHuvctI91KS9hhNmmWOoWu0XTYJS7CA=
gopkg.in/yaml.v3 v3.0.1/go.mod h1:K4uyk7z7BCEPqu6E+C64Yfv1cQ7kz7rIZviUmN+EgEM=
