# This file is autogenerated, do not edit; changes may be undone by the next 'dep ensure'.


[[projects]]
  name = "github.com/go-redis/redis"
  packages = [".","internal","internal/consistenthash","internal/hashtag","internal/pool","internal/proto"]
  revision = "d0f86971b5d61de9cebd2616b932acb7ba14d957"
  version = "v6.7.3"

[[projects]]
  branch = "development"
  name = "github.com/splitio/go-toolkit"
  packages = ["asynctask","datastructures/set","deepcopy","injection","logging","nethelpers","workerpool"]
  revision = "e0f7d8dbeac6738dbbff62eea8aae835770dae6b"

[solve-meta]
  analyzer-name = "dep"
  analyzer-version = 1
  inputs-digest = "28c1196aebb8946b242b3c9017e7f2c2c353b6026a49d3181e79156eddb9ecf8"
  solver-name = "gps-cdcl"
  solver-version = 1
